
Microsoft Visual Studio Solution File, Format Version 12.00
# Visual Studio Version 16
VisualStudioVersion = 16.0.31702.278
MinimumVisualStudioVersion = 10.0.40219.1
Project("{8BC9CEB8-8B4A-11D0-8D11-00A0C91BC942}") = "union_02", "union_02.vcxproj", "{BBE2580A-4C46-4D83-A172-F8626A4C7BFF}"
EndProject
Global
	GlobalSection(SolutionConfigurationPlatforms) = preSolution
		Debug|x64 = Debug|x64
		Debug|x86 = Debug|x86
		Release|x64 = Release|x64
		Release|x86 = Release|x86
	EndGlobalSection
	GlobalSection(ProjectConfigurationPlatforms) = postSolution
		{BBE2580A-4C46-4D83-A172-F8626A4C7BFF}.Debug|x64.ActiveCfg = Debug|x64
		{BBE2580A-4C46-4D83-A172-F8626A4C7BFF}.Debug|x64.Build.0 = Debug|x64
		{BBE2580A-4C46-4D83-A172-F8626A4C7BFF}.Debug|x86.ActiveCfg = Debug|Win32
		{BBE2580A-4C46-4D83-A172-F8626A4C7BFF}.Debug|x86.Build.0 = Debug|Win32
		{BBE2580A-4C46-4D83-A172-F8626A4C7BFF}.Release|x64.ActiveCfg = Release|x64
		{BBE2580A-4C46-4D83-A172-F8626A4C7BFF}.Release|x64.Build.0 = Release|x64
		{BBE2580A-4C46-4D83-A172-F8626A4C7BFF}.Release|x86.ActiveCfg = Release|Win32
		{BBE2580A-4C46-4D83-A172-F8626A4C7BFF}.Release|x86.Build.0 = Release|Win32
	EndGlobalSection
	GlobalSection(SolutionProperties) = preSolution
		HideSolutionNode = FALSE
	EndGlobalSection
	GlobalSection(ExtensibilityGlobals) = postSolution
		SolutionGuid = {BF6E9201-9B2F-4595-96C5-F4A96967BC96}
	EndGlobalSection
EndGlobal
